
Microsoft Visual Studio Solution File, Format Version 12.00
# Visual Studio Version 17
VisualStudioVersion = 17.9.34607.119
MinimumVisualStudioVersion = 10.0.40219.1
Project("{FAE04EC0-301F-11D3-BF4B-00C04F79EFBC}") = "Module04View.Android", "Module04View\Module04View.Android\Module04View.Android.csproj", "{DDF09D2F-62EC-432E-8AC8-982EA22550DD}"
EndProject
Project("{FAE04EC0-301F-11D3-BF4B-00C04F79EFBC}") = "Module04View", "Module04View\Module04View\Module04View.csproj", "{32696F6F-824B-4ED7-BC00-3C80AA61FEC9}"
EndProject
Global
	GlobalSection(SolutionConfigurationPlatforms) = preSolution
		Debug|Any CPU = Debug|Any CPU
		Release|Any CPU = Release|Any CPU
	EndGlobalSection
	GlobalSection(ProjectConfigurationPlatforms) = postSolution
		{DDF09D2F-62EC-432E-8AC8-982EA22550DD}.Debug|Any CPU.ActiveCfg = Debug|Any CPU
		{DDF09D2F-62EC-432E-8AC8-982EA22550DD}.Debug|Any CPU.Build.0 = Debug|Any CPU
		{DDF09D2F-62EC-432E-8AC8-982EA22550DD}.Debug|Any CPU.Deploy.0 = Debug|Any CPU
		{DDF09D2F-62EC-432E-8AC8-982EA22550DD}.Release|Any CPU.ActiveCfg = Release|Any CPU
		{DDF09D2F-62EC-432E-8AC8-982EA22550DD}.Release|Any CPU.Build.0 = Release|Any CPU
		{DDF09D2F-62EC-432E-8AC8-982EA22550DD}.Release|Any CPU.Deploy.0 = Release|Any CPU
		{32696F6F-824B-4ED7-BC00-3C80AA61FEC9}.Debug|Any CPU.ActiveCfg = Debug|Any CPU
		{32696F6F-824B-4ED7-BC00-3C80AA61FEC9}.Debug|Any CPU.Build.0 = Debug|Any CPU
		{32696F6F-824B-4ED7-BC00-3C80AA61FEC9}.Debug|Any CPU.Deploy.0 = Debug|Any CPU
		{32696F6F-824B-4ED7-BC00-3C80AA61FEC9}.Release|Any CPU.ActiveCfg = Release|Any CPU
		{32696F6F-824B-4ED7-BC00-3C80AA61FEC9}.Release|Any CPU.Build.0 = Release|Any CPU
		{32696F6F-824B-4ED7-BC00-3C80AA61FEC9}.Release|Any CPU.Deploy.0 = Release|Any CPU
	EndGlobalSection
	GlobalSection(SolutionProperties) = preSolution
		HideSolutionNode = FALSE
	EndGlobalSection
	GlobalSection(ExtensibilityGlobals) = postSolution
		SolutionGuid = {CEC4F4B8-DF80-4F0D-860E-EA8E83895CC9}
	EndGlobalSection
EndGlobal
